
Microsoft Visual Studio Solution File, Format Version 12.00
# Visual Studio Version 17
VisualStudioVersion = 17.2.32616.157
MinimumVisualStudioVersion = 10.0.40219.1
Project("{FAE04EC0-301F-11D3-BF4B-00C04F79EFBC}") = "EdisonEjemplo1", "EdisonEjemplo1\EdisonEjemplo1.csproj", "{5D51CC6C-D27B-4E44-9170-4754F73613C3}"
EndProject
Project("{FAE04EC0-301F-11D3-BF4B-00C04F79EFBC}") = "Negocio", "Negocio\Negocio.csproj", "{D1F08EE7-6E30-4BC7-869A-C3043BF26F2F}"
EndProject
Project("{FAE04EC0-301F-11D3-BF4B-00C04F79EFBC}") = "Dominio", "Dominio\Dominio.csproj", "{55E626CB-C128-4B59-85F6-876A33DFCD93}"
EndProject
Global
	GlobalSection(SolutionConfigurationPlatforms) = preSolution
		Debug|Any CPU = Debug|Any CPU
		Release|Any CPU = Release|Any CPU
	EndGlobalSection
	GlobalSection(ProjectConfigurationPlatforms) = postSolution
		{5D51CC6C-D27B-4E44-9170-4754F73613C3}.Debug|Any CPU.ActiveCfg = Debug|Any CPU
		{5D51CC6C-D27B-4E44-9170-4754F73613C3}.Debug|Any CPU.Build.0 = Debug|Any CPU
		{5D51CC6C-D27B-4E44-9170-4754F73613C3}.Release|Any CPU.ActiveCfg = Release|Any CPU
		{5D51CC6C-D27B-4E44-9170-4754F73613C3}.Release|Any CPU.Build.0 = Release|Any CPU
		{D1F08EE7-6E30-4BC7-869A-C3043BF26F2F}.Debug|Any CPU.ActiveCfg = Debug|Any CPU
		{D1F08EE7-6E30-4BC7-869A-C3043BF26F2F}.Debug|Any CPU.Build.0 = Debug|Any CPU
		{D1F08EE7-6E30-4BC7-869A-C3043BF26F2F}.Release|Any CPU.ActiveCfg = Release|Any CPU
		{D1F08EE7-6E30-4BC7-869A-C3043BF26F2F}.Release|Any CPU.Build.0 = Release|Any CPU
		{55E626CB-C128-4B59-85F6-876A33DFCD93}.Debug|Any CPU.ActiveCfg = Debug|Any CPU
		{55E626CB-C128-4B59-85F6-876A33DFCD93}.Debug|Any CPU.Build.0 = Debug|Any CPU
		{55E626CB-C128-4B59-85F6-876A33DFCD93}.Release|Any CPU.ActiveCfg = Release|Any CPU
		{55E626CB-C128-4B59-85F6-876A33DFCD93}.Release|Any CPU.Build.0 = Release|Any CPU
	EndGlobalSection
	GlobalSection(SolutionProperties) = preSolution
		HideSolutionNode = FALSE
	EndGlobalSection
	GlobalSection(ExtensibilityGlobals) = postSolution
		SolutionGuid = {AEC82A90-ED84-400A-8169-C99B140EDE38}
	EndGlobalSection
EndGlobal
